PODS:
  - Flutter (1.0.0)
  - terra_flutter_bridge (0.4.3):
    - Flutter
    - TerraiOS (~> 1.6.2)
  - TerraiOS (1.6.2)

DEPENDENCIES:
  - Flutter (from `Flutter`)
  - terra_flutter_bridge (from `.symlinks/plugins/terra_flutter_bridge/ios`)

SPEC REPOS:
  trunk:
    - TerraiOS

EXTERNAL SOURCES:
  Flutter:
    :path: Flutter
  terra_flutter_bridge:
    :path: ".symlinks/plugins/terra_flutter_bridge/ios"

SPEC CHECKSUMS:
  Flutter: e0871f40cf51350855a761d2e70bf5af5b9b5de7
  terra_flutter_bridge: 80ab96f061b35b02f3e6b5401d5772ab6f8fcff4
  TerraiOS: 21083846f3e232d0589eedb9c48caaa8bf1419b6

PODFILE CHECKSUM: 5a367937f10bf0c459576e5e472a1159ee029c13

COCOAPODS: 1.15.2
