PODS:
  - Flutter (1.0.0)
  - terra_flutter_rt (0.0.1):
    - Flutter
    - TerraRTiOS (~> 0.0.6)
  - TerraRTiOS (0.0.6)

DEPENDENCIES:
  - Flutter (from `Flutter`)
  - terra_flutter_rt (from `.symlinks/plugins/terra_flutter_rt/ios`)

SPEC REPOS:
  trunk:
    - TerraRTiOS

EXTERNAL SOURCES:
  Flutter:
    :path: Flutter
  terra_flutter_rt:
    :path: ".symlinks/plugins/terra_flutter_rt/ios"

SPEC CHECKSUMS:
  Flutter: e0871f40cf51350855a761d2e70bf5af5b9b5de7
  terra_flutter_rt: 259fbc75f24a0db7753897090ffe1b9b4ba3d376
  TerraRTiOS: d7c26f5316ce957caa7b2abb8f361c0068963012

PODFILE CHECKSUM: 5a367937f10bf0c459576e5e472a1159ee029c13

COCOAPODS: 1.15.2
